
Microsoft Visual Studio Solution File, Format Version 12.00
# Visual Studio Version 17
VisualStudioVersion = 17.7.34018.315
MinimumVisualStudioVersion = 10.0.40219.1
Project("{FAE04EC0-301F-11D3-BF4B-00C04F79EFBC}") = "fibrotexusa.ulcans.Android", "fibrotexusa.ulcans\fibrotexusa.ulcans.Android\fibrotexusa.ulcans.Android.csproj", "{F47F2715-ED83-4BC1-8A97-3BAAAFEDF833}"
EndProject
Project("{FAE04EC0-301F-11D3-BF4B-00C04F79EFBC}") = "fibrotexusa.ulcans.iOS", "fibrotexusa.ulcans\fibrotexusa.ulcans.iOS\fibrotexusa.ulcans.iOS.csproj", "{204D3EC2-0506-4BE0-A20A-EC4D5D4F0189}"
EndProject
Project("{FAE04EC0-301F-11D3-BF4B-00C04F79EFBC}") = "fibrotexusa.ulcans", "fibrotexusa.ulcans\fibrotexusa.ulcans\fibrotexusa.ulcans.csproj", "{DF64B26B-4075-41A8-BD57-080A5DD922A2}"
EndProject
Global
	GlobalSection(SolutionConfigurationPlatforms) = preSolution
		Debug|Any CPU = Debug|Any CPU
		Debug|iPhone = Debug|iPhone
		Debug|iPhoneSimulator = Debug|iPhoneSimulator
		Release|Any CPU = Release|Any CPU
		Release|iPhone = Release|iPhone
		Release|iPhoneSimulator = Release|iPhoneSimulator
	EndGlobalSection
	GlobalSection(ProjectConfigurationPlatforms) = postSolution
		{F47F2715-ED83-4BC1-8A97-3BAAAFEDF833}.Debug|Any CPU.ActiveCfg = Debug|Any CPU
		{F47F2715-ED83-4BC1-8A97-3BAAAFEDF833}.Debug|Any CPU.Build.0 = Debug|Any CPU
		{F47F2715-ED83-4BC1-8A97-3BAAAFEDF833}.Debug|Any CPU.Deploy.0 = Debug|Any CPU
		{F47F2715-ED83-4BC1-8A97-3BAAAFEDF833}.Debug|iPhone.ActiveCfg = Debug|Any CPU
		{F47F2715-ED83-4BC1-8A97-3BAAAFEDF833}.Debug|iPhone.Build.0 = Debug|Any CPU
		{F47F2715-ED83-4BC1-8A97-3BAAAFEDF833}.Debug|iPhone.Deploy.0 = Debug|Any CPU
		{F47F2715-ED83-4BC1-8A97-3BAAAFEDF833}.Debug|iPhoneSimulator.ActiveCfg = Debug|Any CPU
		{F47F2715-ED83-4BC1-8A97-3BAAAFEDF833}.Debug|iPhoneSimulator.Build.0 = Debug|Any CPU
		{F47F2715-ED83-4BC1-8A97-3BAAAFEDF833}.Debug|iPhoneSimulator.Deploy.0 = Debug|Any CPU
		{F47F2715-ED83-4BC1-8A97-3BAAAFEDF833}.Release|Any CPU.ActiveCfg = Release|Any CPU
		{F47F2715-ED83-4BC1-8A97-3BAAAFEDF833}.Release|Any CPU.Build.0 = Release|Any CPU
		{F47F2715-ED83-4BC1-8A97-3BAAAFEDF833}.Release|Any CPU.Deploy.0 = Release|Any CPU
		{F47F2715-ED83-4BC1-8A97-3BAAAFEDF833}.Release|iPhone.ActiveCfg = Release|Any CPU
		{F47F2715-ED83-4BC1-8A97-3BAAAFEDF833}.Release|iPhone.Build.0 = Release|Any CPU
		{F47F2715-ED83-4BC1-8A97-3BAAAFEDF833}.Release|iPhone.Deploy.0 = Release|Any CPU
		{F47F2715-ED83-4BC1-8A97-3BAAAFEDF833}.Release|iPhoneSimulator.ActiveCfg = Release|Any CPU
		{F47F2715-ED83-4BC1-8A97-3BAAAFEDF833}.Release|iPhoneSimulator.Build.0 = Release|Any CPU
		{F47F2715-ED83-4BC1-8A97-3BAAAFEDF833}.Release|iPhoneSimulator.Deploy.0 = Release|Any CPU
		{204D3EC2-0506-4BE0-A20A-EC4D5D4F0189}.Debug|Any CPU.ActiveCfg = Debug|iPhone
		{204D3EC2-0506-4BE0-A20A-EC4D5D4F0189}.Debug|Any CPU.Build.0 = Debug|iPhone
		{204D3EC2-0506-4BE0-A20A-EC4D5D4F0189}.Debug|Any CPU.Deploy.0 = Debug|iPhone
		{204D3EC2-0506-4BE0-A20A-EC4D5D4F0189}.Debug|iPhone.ActiveCfg = Debug|iPhone
		{204D3EC2-0506-4BE0-A20A-EC4D5D4F0189}.Debug|iPhone.Build.0 = Debug|iPhone
		{204D3EC2-0506-4BE0-A20A-EC4D5D4F0189}.Debug|iPhone.Deploy.0 = Debug|iPhone
		{204D3EC2-0506-4BE0-A20A-EC4D5D4F0189}.Debug|iPhoneSimulator.ActiveCfg = Debug|iPhoneSimulator
		{204D3EC2-0506-4BE0-A20A-EC4D5D4F0189}.Debug|iPhoneSimulator.Build.0 = Debug|iPhoneSimulator
		{204D3EC2-0506-4BE0-A20A-EC4D5D4F0189}.Debug|iPhoneSimulator.Deploy.0 = Debug|iPhoneSimulator
		{204D3EC2-0506-4BE0-A20A-EC4D5D4F0189}.Release|Any CPU.ActiveCfg = Release|iPhoneSimulator
		{204D3EC2-0506-4BE0-A20A-EC4D5D4F0189}.Release|Any CPU.Build.0 = Release|iPhoneSimulator
		{204D3EC2-0506-4BE0-A20A-EC4D5D4F0189}.Release|Any CPU.Deploy.0 = Release|iPhoneSimulator
		{204D3EC2-0506-4BE0-A20A-EC4D5D4F0189}.Release|iPhone.ActiveCfg = Release|iPhone
		{204D3EC2-0506-4BE0-A20A-EC4D5D4F0189}.Release|iPhone.Build.0 = Release|iPhone
		{204D3EC2-0506-4BE0-A20A-EC4D5D4F0189}.Release|iPhone.Deploy.0 = Release|iPhone
		{204D3EC2-0506-4BE0-A20A-EC4D5D4F0189}.Release|iPhoneSimulator.ActiveCfg = Release|iPhoneSimulator
		{204D3EC2-0506-4BE0-A20A-EC4D5D4F0189}.Release|iPhoneSimulator.Build.0 = Release|iPhoneSimulator
		{204D3EC2-0506-4BE0-A20A-EC4D5D4F0189}.Release|iPhoneSimulator.Deploy.0 = Release|iPhoneSimulator
		{DF64B26B-4075-41A8-BD57-080A5DD922A2}.Debug|Any CPU.ActiveCfg = Debug|Any CPU
		{DF64B26B-4075-41A8-BD57-080A5DD922A2}.Debug|Any CPU.Build.0 = Debug|Any CPU
		{DF64B26B-4075-41A8-BD57-080A5DD922A2}.Debug|Any CPU.Deploy.0 = Debug|Any CPU
		{DF64B26B-4075-41A8-BD57-080A5DD922A2}.Debug|iPhone.ActiveCfg = Debug|Any CPU
		{DF64B26B-4075-41A8-BD57-080A5DD922A2}.Debug|iPhone.Build.0 = Debug|Any CPU
		{DF64B26B-4075-41A8-BD57-080A5DD922A2}.Debug|iPhone.Deploy.0 = Debug|Any CPU
		{DF64B26B-4075-41A8-BD57-080A5DD922A2}.Debug|iPhoneSimulator.ActiveCfg = Debug|Any CPU
		{DF64B26B-4075-41A8-BD57-080A5DD922A2}.Debug|iPhoneSimulator.Build.0 = Debug|Any CPU
		{DF64B26B-4075-41A8-BD57-080A5DD922A2}.Debug|iPhoneSimulator.Deploy.0 = Debug|Any CPU
		{DF64B26B-4075-41A8-BD57-080A5DD922A2}.Release|Any CPU.ActiveCfg = Release|Any CPU
		{DF64B26B-4075-41A8-BD57-080A5DD922A2}.Release|Any CPU.Build.0 = Release|Any CPU
		{DF64B26B-4075-41A8-BD57-080A5DD922A2}.Release|Any CPU.Deploy.0 = Release|Any CPU
		{DF64B26B-4075-41A8-BD57-080A5DD922A2}.Release|iPhone.ActiveCfg = Release|Any CPU
		{DF64B26B-4075-41A8-BD57-080A5DD922A2}.Release|iPhone.Build.0 = Release|Any CPU
		{DF64B26B-4075-41A8-BD57-080A5DD922A2}.Release|iPhone.Deploy.0 = Release|Any CPU
		{DF64B26B-4075-41A8-BD57-080A5DD922A2}.Release|iPhoneSimulator.ActiveCfg = Release|Any CPU
		{DF64B26B-4075-41A8-BD57-080A5DD922A2}.Release|iPhoneSimulator.Build.0 = Release|Any CPU
		{DF64B26B-4075-41A8-BD57-080A5DD922A2}.Release|iPhoneSimulator.Deploy.0 = Release|Any CPU
	EndGlobalSection
	GlobalSection(SolutionProperties) = preSolution
		HideSolutionNode = FALSE
	EndGlobalSection
	GlobalSection(ExtensibilityGlobals) = postSolution
		SolutionGuid = {AB3DD2AE-931C-40D6-93A6-F4185FBF05C1}
	EndGlobalSection
EndGlobal
